
Microsoft Visual Studio Solution File, Format Version 12.00
# Visual Studio Version 17
VisualStudioVersion = 17.9.34728.123
MinimumVisualStudioVersion = 10.0.40219.1
Project("{9A19103F-16F7-4668-BE54-9A1E7A4F7556}") = "Project", "Project\Project.csproj", "{E924AB17-F8E5-4CA6-9B9C-3CC55C1217BC}"
EndProject
Project("{FAE04EC0-301F-11D3-BF4B-00C04F79EFBC}") = "Data Base", "Data Base\Data Base.csproj", "{F824C03C-F701-4D7C-98E8-2EED30F57526}"
EndProject
Project("{FAE04EC0-301F-11D3-BF4B-00C04F79EFBC}") = "Application", "Application\Application.csproj", "{AA934555-5B94-41A0-AA37-5117E603E81D}"
EndProject
Global
	GlobalSection(SolutionConfigurationPlatforms) = preSolution
		Debug|Any CPU = Debug|Any CPU
		Release|Any CPU = Release|Any CPU
	EndGlobalSection
	GlobalSection(ProjectConfigurationPlatforms) = postSolution
		{E924AB17-F8E5-4CA6-9B9C-3CC55C1217BC}.Debug|Any CPU.ActiveCfg = Debug|Any CPU
		{E924AB17-F8E5-4CA6-9B9C-3CC55C1217BC}.Debug|Any CPU.Build.0 = Debug|Any CPU
		{E924AB17-F8E5-4CA6-9B9C-3CC55C1217BC}.Release|Any CPU.ActiveCfg = Release|Any CPU
		{E924AB17-F8E5-4CA6-9B9C-3CC55C1217BC}.Release|Any CPU.Build.0 = Release|Any CPU
		{F824C03C-F701-4D7C-98E8-2EED30F57526}.Debug|Any CPU.ActiveCfg = Debug|Any CPU
		{F824C03C-F701-4D7C-98E8-2EED30F57526}.Debug|Any CPU.Build.0 = Debug|Any CPU
		{F824C03C-F701-4D7C-98E8-2EED30F57526}.Release|Any CPU.ActiveCfg = Release|Any CPU
		{F824C03C-F701-4D7C-98E8-2EED30F57526}.Release|Any CPU.Build.0 = Release|Any CPU
		{AA934555-5B94-41A0-AA37-5117E603E81D}.Debug|Any CPU.ActiveCfg = Debug|Any CPU
		{AA934555-5B94-41A0-AA37-5117E603E81D}.Debug|Any CPU.Build.0 = Debug|Any CPU
		{AA934555-5B94-41A0-AA37-5117E603E81D}.Release|Any CPU.ActiveCfg = Release|Any CPU
		{AA934555-5B94-41A0-AA37-5117E603E81D}.Release|Any CPU.Build.0 = Release|Any CPU
	EndGlobalSection
	GlobalSection(SolutionProperties) = preSolution
		HideSolutionNode = FALSE
	EndGlobalSection
	GlobalSection(ExtensibilityGlobals) = postSolution
		SolutionGuid = {F6376C8C-0024-4C2E-BD0C-C00605BC0F93}
	EndGlobalSection
EndGlobal
